
Microsoft Visual Studio Solution File, Format Version 12.00
# Visual Studio Version 17
VisualStudioVersion = 17.5.002.0
MinimumVisualStudioVersion = 10.0.40219.1
Project("{2150E333-8FDC-42A3-9474-1A3956D46DE8}") = "Backend", "Backend", "{C2820E83-0393-402C-9D86-4D715C7500EC}"
EndProject
Project("{9A19103F-16F7-4668-BE54-9A1E7A4F7556}") = "abanAPI", "Backend\abanAPI\abanAPI.csproj", "{6FCAC0EF-DA43-424C-9521-4173F5649B97}"
EndProject
Global
	GlobalSection(SolutionConfigurationPlatforms) = preSolution
		Debug|Any CPU = Debug|Any CPU
		Release|Any CPU = Release|Any CPU
	EndGlobalSection
	GlobalSection(ProjectConfigurationPlatforms) = postSolution
		{6FCAC0EF-DA43-424C-9521-4173F5649B97}.Debug|Any CPU.ActiveCfg = Debug|Any CPU
		{6FCAC0EF-DA43-424C-9521-4173F5649B97}.Debug|Any CPU.Build.0 = Debug|Any CPU
		{6FCAC0EF-DA43-424C-9521-4173F5649B97}.Release|Any CPU.ActiveCfg = Release|Any CPU
		{6FCAC0EF-DA43-424C-9521-4173F5649B97}.Release|Any CPU.Build.0 = Release|Any CPU
	EndGlobalSection
	GlobalSection(SolutionProperties) = preSolution
		HideSolutionNode = FALSE
	EndGlobalSection
	GlobalSection(NestedProjects) = preSolution
		{6FCAC0EF-DA43-424C-9521-4173F5649B97} = {C2820E83-0393-402C-9D86-4D715C7500EC}
	EndGlobalSection
	GlobalSection(ExtensibilityGlobals) = postSolution
		SolutionGuid = {CBACA8EB-96CC-4246-9374-70594E92FF5D}
	EndGlobalSection
EndGlobal
